github.com/asciimoth/batchudp v0.3.10 h1:F2/gU7j0L3wzxR4sgZDZlLMBasqKpRThbwUBicusCuo=
github.com/asciimoth/batchudp v0.3.10/go.mod h1:x+Z20JOgM7Ukgd4P+pbB7L5Mp9zU8AgBIzQsjL1a8Zc=
github.com/asciimoth/bufpool v0.3.0 h1:tQMop/kZ3eOLSorM9i0cqtOIpxWQUroGZ6oNk5DTnQc=
github.com/asciimoth/bufpool v0.3.0/go.mod h1:JV6H4hpj2bCS5Svr0wNqR+XOZFOOkdXfNZxCjm/3QHw=
github.com/asciimoth/gonnect v0.46.0 h1:obryQa0IntqITcIAwKo3Dzf1JM+bNzgghgjjRDHDRGg=
github.com/asciimoth/gonnect v0.46.0/go.mod h1:W5OAXiqFw48MTm54+dPua9calyVjez/uqjcbrQwcvPU=
github.com/asciimoth/gonnect-netstack v0.5.1 h1:o2+k3Ay7StYod20QJAzdQCgsnIChHzXpoUTs318dFBQ=
github.com/asciimoth/gonnect-netstack v0.5.1/go.mod h1:1YbIfewtjhnDbNp9I2r312oscRLuUmZaiRc2LnrECYk=
github.com/asciimoth/tuntap v0.3.29 h1:n3XvmkVQhbmC1wAq9m4C42pJul3YT/cI/ThKn+c0Uo8=
github.com/asciimoth/tuntap v0.3.29/go.mod h1:hDMTOdWAZUGCPgGlkn0l8D7WfCTsUqvfX/BIyOlayjg=
github.com/asciimoth/wgo v0.6.1 h1:Nu7WAqiL9GSgjgfDg2wenjRlV80UdKQTL8KoxppmeiA=
github.com/asciimoth/wgo v0.6.1/go.mod h1:wIOSc2RleQdsp1oZuRmzgBNeSoPS2PPzzRBsX5R4N98=
github.com/google/btree v1.1.2 h1:xf4v41cLI2Z6FxbKm+8Bu+m8ifhj15JuZ9sa0jZCMUU=
github.com/google/btree v1.1.2/go.mod h1:qOPhT0dTNdNzV6Z/lhRX0YXUafgPLFUh+gZMl761Gm4=
golang.org/x/crypto v0.51.0 h1:IBPXwPfKxY7cWQZ38ZCIRPI50YLeevDLlLnyC5wRGTI=
golang.org/x/crypto v0.51.0/go.mod h1:8AdwkbraGNABw2kOX6YFPs3WM22XqI4EXEd8g+x7Oc8=
golang.org/x/exp v0.0.0-20231110203233-9a3e6036ecaa h1:FRnLl4eNAQl8hwxVVC17teOw8kdjVDVAiFMtgUdTSRQ=
golang.org/x/exp v0.0.0-20231110203233-9a3e6036ecaa/go.mod h1:zk2irFbV9DP96SEBUUAy67IdHUaZuSnrz1n472HUCLE=
golang.org/x/net v0.54.0 h1:2zJIZAxAHV/OHCDTCOHAYehQzLfSXuf/5SoL/Dv6w/w=
golang.org/x/net v0.54.0/go.mod h1:Sj4oj8jK6XmHpBZU/zWHw3BV3abl4Kvi+Ut7cQcY+cQ=
golang.org/x/sys v0.44.0 h1:ildZl3J4uzeKP07r2F++Op7E9B29JRUy+a27EibtBTQ=
golang.org/x/sys v0.44.0/go.mod h1:4GL1E5IUh+htKOUEOaiffhrAeqysfVGipDYzABqnCmw=
golang.org/x/text v0.37.0 h1:Cqjiwd9eSg8e0QAkyCaQTNHFIIzWtidPahFWR83rTrc=
golang.org/x/text v0.37.0/go.mod h1:a5sjxXGs9hsn/AJVwuElvCAo9v8QYLzvavO5z2PiM38=
golang.org/x/time v0.12.0 h1:ScB/8o8olJvc+CQPWrK3fPZNfh7qgwCrY0zJmoEQLSE=
golang.org/x/time v0.12.0/go.mod h1:CDIdPxbZBQxdj6cxyCIdrNogrJKMJ7pr37NYpMcMDSg=
golang.zx2c4.com/wintun v0.0.0-20230126152724-0fa3db229ce2 h1:B82qJJgjvYKsXS9jeunTOisW56dUokqW/FOteYJJ/yg=
golang.zx2c4.com/wintun v0.0.0-20230126152724-0fa3db229ce2/go.mod h1:deeaetjYA+DHMHg+sMSMI58GrEteJUUzzw7en6TJQcI=
gvisor.dev/gvisor v0.0.0-20260325202830-7644cf3a343c h1:w3Uo045oOIWkOgMikBpMryDRKRib+WzrzlqMbpG0xf0=
gvisor.dev/gvisor v0.0.0-20260325202830-7644cf3a343c/go.mod h1:xQ2PWgHmWJA/Ph4i1q1jBm39BKhc3W0DXqWoDSyuBOY=
